// !$*UTF8*$!
{
	archiveVersion = 1;
	classes = {
	};
	objectVersion = 50;
	objects = {

/* Begin PBXBuildFile section */
		901C2F8323749F7300878E9E /* DetailsWebViewController.swift in Sources */ = {isa = PBXBuildFile; fileRef = 901C2F8223749F7300878E9E /* DetailsWebViewController.swift */; };
		901C2F862374E38100878E9E /* DetailsRouter.swift in Sources */ = {isa = PBXBuildFile; fileRef = 901C2F852374E38100878E9E /* DetailsRouter.swift */; };
		901C2F882374E40F00878E9E /* DetailsWebViewModel.swift in Sources */ = {isa = PBXBuildFile; fileRef = 901C2F872374E40F00878E9E /* DetailsWebViewModel.swift */; };
		90277E3F2377E43100C7F223 /* LoadableViewController.swift in Sources */ = {isa = PBXBuildFile; fileRef = 90277E3E2377E43100C7F223 /* LoadableViewController.swift */; };
		90277E412377EEAC00C7F223 /* TopStoriesDataControllerTests.swift in Sources */ = {isa = PBXBuildFile; fileRef = 90277E402377EEAC00C7F223 /* TopStoriesDataControllerTests.swift */; };
		90277E432377F15300C7F223 /* TopStoriesDummyDataController.swift in Sources */ = {isa = PBXBuildFile; fileRef = 90277E422377F15300C7F223 /* TopStoriesDummyDataController.swift */; };
		90277E452378B14300C7F223 /* TopStoriesDummyBrokenDataController.swift in Sources */ = {isa = PBXBuildFile; fileRef = 90277E442378B14300C7F223 /* TopStoriesDummyBrokenDataController.swift */; };
		90459C402370A83600B82807 /* Multimedia.swift in Sources */ = {isa = PBXBuildFile; fileRef = 90459C3F2370A83600B82807 /* Multimedia.swift */; };
		90459C422370A9EC00B82807 /* UIImageView+Additions.swift in Sources */ = {isa = PBXBuildFile; fileRef = 90459C412370A9EC00B82807 /* UIImageView+Additions.swift */; };
		90459C442373512C00B82807 /* StoryDetail.swift in Sources */ = {isa = PBXBuildFile; fileRef = 90459C432373512C00B82807 /* StoryDetail.swift */; };
		90F78C78236EDA3400C22757 /* AppDelegate.swift in Sources */ = {isa = PBXBuildFile; fileRef = 90F78C77236EDA3400C22757 /* AppDelegate.swift */; };
		90F78C7F236EDA3400C22757 /* Main.storyboard in Resources */ = {isa = PBXBuildFile; fileRef = 90F78C7D236EDA3400C22757 /* Main.storyboard */; };
		90F78C81236EDA3700C22757 /* Assets.xcassets in Resources */ = {isa = PBXBuildFile; fileRef = 90F78C80236EDA3700C22757 /* Assets.xcassets */; };
		90F78C84236EDA3700C22757 /* LaunchScreen.storyboard in Resources */ = {isa = PBXBuildFile; fileRef = 90F78C82236EDA3700C22757 /* LaunchScreen.storyboard */; };
		90F78C8F236EDA3700C22757 /* TopStoriesTests.swift in Sources */ = {isa = PBXBuildFile; fileRef = 90F78C8E236EDA3700C22757 /* TopStoriesTests.swift */; };
		90F78CA8236F2F1F00C22757 /* TopStoriesDetailsViewModel.swift in Sources */ = {isa = PBXBuildFile; fileRef = 90F78CA7236F2F1F00C22757 /* TopStoriesDetailsViewModel.swift */; };
		90F78CAA236F2F4500C22757 /* TopStoriesDetailsViewController.swift in Sources */ = {isa = PBXBuildFile; fileRef = 90F78CA9236F2F4500C22757 /* TopStoriesDetailsViewController.swift */; };
		90F78CAC236F2F6000C22757 /* TopStoriesMainViewController.swift in Sources */ = {isa = PBXBuildFile; fileRef = 90F78CAB236F2F6000C22757 /* TopStoriesMainViewController.swift */; };
		90F78CAE236F2F6F00C22757 /* TopStoriesMainViewModel.swift in Sources */ = {isa = PBXBuildFile; fileRef = 90F78CAD236F2F6F00C22757 /* TopStoriesMainViewModel.swift */; };
		90F78CB0236F2F7F00C22757 /* MainRouter.swift in Sources */ = {isa = PBXBuildFile; fileRef = 90F78CAF236F2F7F00C22757 /* MainRouter.swift */; };
		90F78CB7236F3CB500C22757 /* Story.swift in Sources */ = {isa = PBXBuildFile; fileRef = 90F78CB6236F3CB500C22757 /* Story.swift */; };
		90F78CB9236F3D0800C22757 /* TopStoriesDataProtocol.swift in Sources */ = {isa = PBXBuildFile; fileRef = 90F78CB8236F3D0800C22757 /* TopStoriesDataProtocol.swift */; };
		90F78CBB236F3D5800C22757 /* TopStoriesResponse.swift in Sources */ = {isa = PBXBuildFile; fileRef = 90F78CBA236F3D5800C22757 /* TopStoriesResponse.swift */; };
		90F78CBF236F3E0700C22757 /* Routable.swift in Sources */ = {isa = PBXBuildFile; fileRef = 90F78CBE236F3E0700C22757 /* Routable.swift */; };
		90F78CC1236F3EE600C22757 /* TopStoriesDataController.swift in Sources */ = {isa = PBXBuildFile; fileRef = 90F78CC0236F3EE600C22757 /* TopStoriesDataController.swift */; };
		90F78CC6236F3F3400C22757 /* Encodable+Additions.swift in Sources */ = {isa = PBXBuildFile; fileRef = 90F78CC2236F3F3400C22757 /* Encodable+Additions.swift */; };
		90F78CC7236F3F3400C22757 /* UITableView+Additions.swift in Sources */ = {isa = PBXBuildFile; fileRef = 90F78CC3236F3F3400C22757 /* UITableView+Additions.swift */; };
		90F78CC8236F3F3400C22757 /* UIViewController+Additions.swift in Sources */ = {isa = PBXBuildFile; fileRef = 90F78CC4236F3F3400C22757 /* UIViewController+Additions.swift */; };
		90F78CC9236F3F3400C22757 /* NSObject+Additions.swift in Sources */ = {isa = PBXBuildFile; fileRef = 90F78CC5236F3F3400C22757 /* NSObject+Additions.swift */; };
		90F78CCC236F3F8400C22757 /* TopStoriesTableViewCell.swift in Sources */ = {isa = PBXBuildFile; fileRef = 90F78CCB236F3F8400C22757 /* TopStoriesTableViewCell.swift */; };
		90F78CCE236F3FB800C22757 /* Storyboard.swift in Sources */ = {isa = PBXBuildFile; fileRef = 90F78CCD236F3FB800C22757 /* Storyboard.swift */; };
		90F78CD0236F404F00C22757 /* TopStoriesTableViewCell.xib in Resources */ = {isa = PBXBuildFile; fileRef = 90F78CCF236F404F00C22757 /* TopStoriesTableViewCell.xib */; };
		90F78CD2236F41BF00C22757 /* NetworkManager.swift in Sources */ = {isa = PBXBuildFile; fileRef = 90F78CD1236F41BF00C22757 /* NetworkManager.swift */; };
/* End PBXBuildFile section */

/* Begin PBXContainerItemProxy section */
		90F78C8B236EDA3700C22757 /* PBXContainerItemProxy */ = {
			isa = PBXContainerItemProxy;
			containerPortal = 90F78C6C236EDA3400C22757 /* Project object */;
			proxyType = 1;
			remoteGlobalIDString = 90F78C73236EDA3400C22757;
			remoteInfo = TopStories;
		};
/* End PBXContainerItemProxy section */

/* Begin PBXFileReference section */
		901C2F8223749F7300878E9E /* DetailsWebViewController.swift */ = {isa = PBXFileReference; lastKnownFileType = sourcecode.swift; path = DetailsWebViewController.swift; sourceTree = "<group>"; };
		901C2F852374E38100878E9E /* DetailsRouter.swift */ = {isa = PBXFileReference; lastKnownFileType = sourcecode.swift; path = DetailsRouter.swift; sourceTree = "<group>"; };
		901C2F872374E40F00878E9E /* DetailsWebViewModel.swift */ = {isa = PBXFileReference; lastKnownFileType = sourcecode.swift; path = DetailsWebViewModel.swift; sourceTree = "<group>"; };
		90277E3E2377E43100C7F223 /* LoadableViewController.swift */ = {isa = PBXFileReference; lastKnownFileType = sourcecode.swift; path = LoadableViewController.swift; sourceTree = "<group>"; };
		90459C3F2370A83600B82807 /* Multimedia.swift */ = {isa = PBXFileReference; lastKnownFileType = sourcecode.swift; path = Multimedia.swift; sourceTree = "<group>"; };
		90459C412370A9EC00B82807 /* UIImageView+Additions.swift */ = {isa = PBXFileReference; lastKnownFileType = sourcecode.swift; path = "UIImageView+Additions.swift"; sourceTree = "<group>"; };
		90459C432373512C00B82807 /* StoryDetail.swift */ = {isa = PBXFileReference; lastKnownFileType = sourcecode.swift; path = StoryDetail.swift; sourceTree = "<group>"; };
		90F78C74236EDA3400C22757 /* TopStories.app */ = {isa = PBXFileReference; explicitFileType = wrapper.application; includeInIndex = 0; path = TopStories.app; sourceTree = BUILT_PRODUCTS_DIR; };
		90F78C77236EDA3400C22757 /* AppDelegate.swift */ = {isa = PBXFileReference; lastKnownFileType = sourcecode.swift; path = AppDelegate.swift; sourceTree = "<group>"; };
		90F78C7E236EDA3400C22757 /* Base */ = {isa = PBXFileReference; lastKnownFileType = file.storyboard; name = Base; path = Base.lproj/Main.storyboard; sourceTree = "<group>"; };
		90F78C80236EDA3700C22757 /* Assets.xcassets */ = {isa = PBXFileReference; lastKnownFileType = folder.assetcatalog; path = Assets.xcassets; sourceTree = "<group>"; };
		90F78C83236EDA3700C22757 /* Base */ = {isa = PBXFileReference; lastKnownFileType = file.storyboard; name = Base; path = Base.lproj/LaunchScreen.storyboard; sourceTree = "<group>"; };
		90F78C85236EDA3700C22757 /* Info.plist */ = {isa = PBXFileReference; lastKnownFileType = text.plist.xml; path = Info.plist; sourceTree = "<group>"; };
		90F78C8A236EDA3700C22757 /* TopStoriesTests.xctest */ = {isa = PBXFileReference; explicitFileType = wrapper.cfbundle; includeInIndex = 0; path = TopStoriesTests.xctest; sourceTree = BUILT_PRODUCTS_DIR; };
		90F78C8E236EDA3700C22757 /* TopStoriesTests.swift */ = {isa = PBXFileReference; lastKnownFileType = sourcecode.swift; path = TopStoriesTests.swift; sourceTree = "<group>"; };
		90F78C90236EDA3700C22757 /* Info.plist */ = {isa = PBXFileReference; lastKnownFileType = text.plist.xml; path = Info.plist; sourceTree = "<group>"; };
		90F78CA7236F2F1F00C22757 /* TopStoriesDetailsViewModel.swift */ = {isa = PBXFileReference; lastKnownFileType = sourcecode.swift; path = TopStoriesDetailsViewModel.swift; sourceTree = "<group>"; };
		90F78CA9236F2F4500C22757 /* TopStoriesDetailsViewController.swift */ = {isa = PBXFileReference; lastKnownFileType = sourcecode.swift; path = TopStoriesDetailsViewController.swift; sourceTree = "<group>"; };
		90F78CAB236F2F6000C22757 /* TopStoriesMainViewController.swift */ = {isa = PBXFileReference; lastKnownFileType = sourcecode.swift; path = TopStoriesMainViewController.swift; sourceTree = "<group>"; };
		90F78CAD236F2F6F00C22757 /* TopStoriesMainViewModel.swift */ = {isa = PBXFileReference; lastKnownFileType = sourcecode.swift; path = TopStoriesMainViewModel.swift; sourceTree = "<group>"; };
		90F78CAF236F2F7F00C22757 /* MainRouter.swift */ = {isa = PBXFileReference; lastKnownFileType = sourcecode.swift; path = MainRouter.swift; sourceTree = "<group>"; };
		90F78CB6236F3CB500C22757 /* Story.swift */ = {isa = PBXFileReference; lastKnownFileType = sourcecode.swift; path = Story.swift; sourceTree = "<group>"; };
		90F78CB8236F3D0800C22757 /* TopStoriesDataProtocol.swift */ = {isa = PBXFileReference; lastKnownFileType = sourcecode.swift; path = TopStoriesDataProtocol.swift; sourceTree = "<group>"; };
		90F78CBA236F3D5800C22757 /* TopStoriesResponse.swift */ = {isa = PBXFileReference; lastKnownFileType = sourcecode.swift; path = TopStoriesResponse.swift; sourceTree = "<group>"; };
		90F78CBE236F3E0700C22757 /* Routable.swift */ = {isa = PBXFileReference; lastKnownFileType = sourcecode.swift; path = Routable.swift; sourceTree = "<group>"; };
		90F78CC0236F3EE600C22757 /* TopStoriesDataController.swift */ = {isa = PBXFileReference; lastKnownFileType = sourcecode.swift; path = TopStoriesDataController.swift; sourceTree = "<group>"; };
		90F78CC2236F3F3400C22757 /* Encodable+Additions.swift */ = {isa = PBXFileReference; fileEncoding = 4; lastKnownFileType = sourcecode.swift; path = "Encodable+Additions.swift"; sourceTree = "<group>"; };
		90F78CC3236F3F3400C22757 /* UITableView+Additions.swift */ = {isa = PBXFileReference; fileEncoding = 4; lastKnownFileType = sourcecode.swift; path = "UITableView+Additions.swift"; sourceTree = "<group>"; };
		90F78CC4236F3F3400C22757 /* UIViewController+Additions.swift */ = {isa = PBXFileReference; fileEncoding = 4; lastKnownFileType = sourcecode.swift; path = "UIViewController+Additions.swift"; sourceTree = "<group>"; };
		90F78CC5236F3F3400C22757 /* NSObject+Additions.swift */ = {isa = PBXFileReference; fileEncoding = 4; lastKnownFileType = sourcecode.swift; path = "NSObject+Additions.swift"; sourceTree = "<group>"; };
		90F78CCB236F3F8400C22757 /* TopStoriesTableViewCell.swift */ = {isa = PBXFileReference; lastKnownFileType = sourcecode.swift; path = TopStoriesTableViewCell.swift; sourceTree = "<group>"; };
		90F78CCD236F3FB800C22757 /* Storyboard.swift */ = {isa = PBXFileReference; lastKnownFileType = sourcecode.swift; path = Storyboard.swift; sourceTree = "<group>"; };
		90F78CCF236F404F00C22757 /* TopStoriesTableViewCell.xib */ = {isa = PBXFileReference; lastKnownFileType = file.xib; path = TopStoriesTableViewCell.xib; sourceTree = "<group>"; };
		90F78CD1236F41BF00C22757 /* NetworkManager.swift */ = {isa = PBXFileReference; lastKnownFileType = sourcecode.swift; path = NetworkManager.swift; sourceTree = "<group>"; };
/* End PBXFileReference section */

/* Begin PBXFrameworksBuildPhase section */
		90F78C71236EDA3400C22757 /* Frameworks */ = {
			isa = PBXFrameworksBuildPhase;
			buildActionMask = 2147483647;
			files = (
			);
			runOnlyForDeploymentPostprocessing = 0;
		};
		90F78C87236EDA3700C22757 /* Frameworks */ = {
			isa = PBXFrameworksBuildPhase;
			buildActionMask = 2147483647;
			files = (
			);
			runOnlyForDeploymentPostprocessing = 0;
		};
/* End PBXFrameworksBuildPhase section */

/* Begin PBXGroup section */
		901C2F842374E37400878E9E /* Routers */ = {
			isa = PBXGroup;
			children = (
				901C2F852374E38100878E9E /* DetailsRouter.swift */,
			);
			path = Routers;
			sourceTree = "<group>";
		};
		90F78C6B236EDA3400C22757 = {
			isa = PBXGroup;
			children = (
				90F78C76236EDA3400C22757 /* TopStories */,
				90F78C8D236EDA3700C22757 /* TopStoriesTests */,
				90F78C75236EDA3400C22757 /* Products */,
			);
			sourceTree = "<group>";
		};
		90F78C75236EDA3400C22757 /* Products */ = {
			isa = PBXGroup;
			children = (
				90F78C74236EDA3400C22757 /* TopStories.app */,
				90F78C8A236EDA3700C22757 /* TopStoriesTests.xctest */,
			);
			name = Products;
			sourceTree = "<group>";
		};
		90F78C76236EDA3400C22757 /* TopStories */ = {
			isa = PBXGroup;
			children = (
				90F78C77236EDA3400C22757 /* AppDelegate.swift */,
				90F78CA0236F251300C22757 /* Storyboards */,
				90F78C9E236F24F200C22757 /* Commons */,
				90F78C9D236F24F200C22757 /* Extensions */,
				90F78C99236F24F200C22757 /* Features */,
				90F78C9F236F24F200C22757 /* Networking */,
				90F78C80236EDA3700C22757 /* Assets.xcassets */,
				90F78C85236EDA3700C22757 /* Info.plist */,
			);
			path = TopStories;
			sourceTree = "<group>";
		};
		90F78C8D236EDA3700C22757 /* TopStoriesTests */ = {
			isa = PBXGroup;
			children = (
				90F78C8E236EDA3700C22757 /* TopStoriesTests.swift */,
				90F78C90236EDA3700C22757 /* Info.plist */,
			);
			path = TopStoriesTests;
			sourceTree = "<group>";
		};
		90F78C99236F24F200C22757 /* Features */ = {
			isa = PBXGroup;
			children = (
				90F78C9A236F24F200C22757 /* TopStories */,
			);
			path = Features;
			sourceTree = "<group>";
		};
		90F78C9A236F24F200C22757 /* TopStories */ = {
			isa = PBXGroup;
			children = (
				90F78C9B236F24F200C22757 /* Details */,
				90F78C9C236F24F200C22757 /* Main */,
			);
			path = TopStories;
			sourceTree = "<group>";
		};
		90F78C9B236F24F200C22757 /* Details */ = {
			isa = PBXGroup;
			children = (
				901C2F842374E37400878E9E /* Routers */,
				90F78CA2236F2C8400C22757 /* ViewModels */,
				90F78CA3236F2C8400C22757 /* Views */,
			);
			path = Details;
			sourceTree = "<group>";
		};
		90F78C9C236F24F200C22757 /* Main */ = {
			isa = PBXGroup;
			children = (
				90F78CCA236F3F7C00C22757 /* Cells */,
				90F78CB1236F38FF00C22757 /* Models */,
				90F78CB2236F38FF00C22757 /* Network */,
				90F78CA5236F2C8F00C22757 /* Routers */,
				90F78CA6236F2C8F00C22757 /* ViewModels */,
				90F78CA4236F2C8F00C22757 /* Views */,
			);
			path = Main;
			sourceTree = "<group>";
		};
		90F78C9D236F24F200C22757 /* Extensions */ = {
			isa = PBXGroup;
			children = (
				90F78CC2236F3F3400C22757 /* Encodable+Additions.swift */,
				90F78CC5236F3F3400C22757 /* NSObject+Additions.swift */,
				90F78CC3236F3F3400C22757 /* UITableView+Additions.swift */,
				90F78CC4236F3F3400C22757 /* UIViewController+Additions.swift */,
				90459C412370A9EC00B82807 /* UIImageView+Additions.swift */,
			);
			path = Extensions;
			sourceTree = "<group>";
		};
		90F78C9E236F24F200C22757 /* Commons */ = {
			isa = PBXGroup;
			children = (
				90F78CBE236F3E0700C22757 /* Routable.swift */,
				90F78CCD236F3FB800C22757 /* Storyboard.swift */,
				90277E3E2377E43100C7F223 /* LoadableViewController.swift */,
			);
			path = Commons;
			sourceTree = "<group>";
		};
		90F78C9F236F24F200C22757 /* Networking */ = {
			isa = PBXGroup;
			children = (
				90F78CD1236F41BF00C22757 /* NetworkManager.swift */,
			);
			path = Networking;
			sourceTree = "<group>";
		};
		90F78CA0236F251300C22757 /* Storyboards */ = {
			isa = PBXGroup;
			children = (
				90F78C7D236EDA3400C22757 /* Main.storyboard */,
				90F78C82236EDA3700C22757 /* LaunchScreen.storyboard */,
			);
			path = Storyboards;
			sourceTree = "<group>";
		};
		90F78CA2236F2C8400C22757 /* ViewModels */ = {
			isa = PBXGroup;
			children = (
				90F78CA7236F2F1F00C22757 /* TopStoriesDetailsViewModel.swift */,
				901C2F872374E40F00878E9E /* DetailsWebViewModel.swift */,
			);
			path = ViewModels;
			sourceTree = "<group>";
		};
		90F78CA3236F2C8400C22757 /* Views */ = {
			isa = PBXGroup;
			children = (
				90F78CA9236F2F4500C22757 /* TopStoriesDetailsViewController.swift */,
				901C2F8223749F7300878E9E /* DetailsWebViewController.swift */,
			);
			path = Views;
			sourceTree = "<group>";
		};
		90F78CA4236F2C8F00C22757 /* Views */ = {
			isa = PBXGroup;
			children = (
				90F78CAB236F2F6000C22757 /* TopStoriesMainViewController.swift */,
			);
			path = Views;
			sourceTree = "<group>";
		};
		90F78CA5236F2C8F00C22757 /* Routers */ = {
			isa = PBXGroup;
			children = (
				90F78CAF236F2F7F00C22757 /* MainRouter.swift */,
			);
			path = Routers;
			sourceTree = "<group>";
		};
		90F78CA6236F2C8F00C22757 /* ViewModels */ = {
			isa = PBXGroup;
			children = (
				90F78CAD236F2F6F00C22757 /* TopStoriesMainViewModel.swift */,
				90459C432373512C00B82807 /* StoryDetail.swift */,
			);
			path = ViewModels;
			sourceTree = "<group>";
		};
		90F78CB1236F38FF00C22757 /* Models */ = {
			isa = PBXGroup;
			children = (
				90F78CB6236F3CB500C22757 /* Story.swift */,
				90459C3F2370A83600B82807 /* Multimedia.swift */,
			);
			path = Models;
			sourceTree = "<group>";
		};
		90F78CB2236F38FF00C22757 /* Network */ = {
			isa = PBXGroup;
			children = (
				90F78CB3236F38FF00C22757 /* Responses */,
				90F78CB4236F38FF00C22757 /* Requests */,
				90F78CB5236F38FF00C22757 /* DataControllers */,
			);
			path = Network;
			sourceTree = "<group>";
		};
		90F78CB3236F38FF00C22757 /* Responses */ = {
			isa = PBXGroup;
			children = (
				90F78CBA236F3D5800C22757 /* TopStoriesResponse.swift */,
			);
			path = Responses;
			sourceTree = "<group>";
		};
		90F78CB4236F38FF00C22757 /* Requests */ = {
			isa = PBXGroup;
			children = (
			);
			path = Requests;
			sourceTree = "<group>";
		};
		90F78CB5236F38FF00C22757 /* DataControllers */ = {
			isa = PBXGroup;
			children = (
				90F78CB8236F3D0800C22757 /* TopStoriesDataProtocol.swift */,
				90F78CC0236F3EE600C22757 /* TopStoriesDataController.swift */,
			);
			path = DataControllers;
			sourceTree = "<group>";
		};
		90F78CCA236F3F7C00C22757 /* Cells */ = {
			isa = PBXGroup;
			children = (
				90F78CCB236F3F8400C22757 /* TopStoriesTableViewCell.swift */,
				90F78CCF236F404F00C22757 /* TopStoriesTableViewCell.xib */,
			);
			path = Cells;
			sourceTree = "<group>";
		};
/* End PBXGroup section */

/* Begin PBXNativeTarget section */
		90F78C73236EDA3400C22757 /* TopStories */ = {
			isa = PBXNativeTarget;
			buildConfigurationList = 90F78C93236EDA3700C22757 /* Build configuration list for PBXNativeTarget "TopStories" */;
			buildPhases = (
				90F78C70236EDA3400C22757 /* Sources */,
				90F78C71236EDA3400C22757 /* Frameworks */,
				90F78C72236EDA3400C22757 /* Resources */,
			);
			buildRules = (
			);
			dependencies = (
			);
			name = TopStories;
			productName = TopStories;
			productReference = 90F78C74236EDA3400C22757 /* TopStories.app */;
			productType = "com.apple.product-type.application";
		};
		90F78C89236EDA3700C22757 /* TopStoriesTests */ = {
			isa = PBXNativeTarget;
			buildConfigurationList = 90F78C96236EDA3700C22757 /* Build configuration list for PBXNativeTarget "TopStoriesTests" */;
			buildPhases = (
				90F78C86236EDA3700C22757 /* Sources */,
				90F78C87236EDA3700C22757 /* Frameworks */,
				90F78C88236EDA3700C22757 /* Resources */,
			);
			buildRules = (
			);
			dependencies = (
				90F78C8C236EDA3700C22757 /* PBXTargetDependency */,
			);
			name = TopStoriesTests;
			productName = TopStoriesTests;
			productReference = 90F78C8A236EDA3700C22757 /* TopStoriesTests.xctest */;
			productType = "com.apple.product-type.bundle.unit-test";
		};
/* End PBXNativeTarget section */

/* Begin PBXProject section */
		90F78C6C236EDA3400C22757 /* Project object */ = {
			isa = PBXProject;
			attributes = {
				LastSwiftUpdateCheck = 1120;
				LastUpgradeCheck = 1120;
				ORGANIZATIONNAME = "Abdullah Bayraktar";
				TargetAttributes = {
					90F78C73236EDA3400C22757 = {
						CreatedOnToolsVersion = 11.2;
					};
					90F78C89236EDA3700C22757 = {
						CreatedOnToolsVersion = 11.2;
						TestTargetID = 90F78C73236EDA3400C22757;
					};
				};
			};
			buildConfigurationList = 90F78C6F236EDA3400C22757 /* Build configuration list for PBXProject "TopStories" */;
			compatibilityVersion = "Xcode 9.3";
			developmentRegion = en;
			hasScannedForEncodings = 0;
			knownRegions = (
				en,
				Base,
			);
			mainGroup = 90F78C6B236EDA3400C22757;
			productRefGroup = 90F78C75236EDA3400C22757 /* Products */;
			projectDirPath = "";
			projectRoot = "";
			targets = (
				90F78C73236EDA3400C22757 /* TopStories */,
				90F78C89236EDA3700C22757 /* TopStoriesTests */,
			);
		};
/* End PBXProject section */

/* Begin PBXResourcesBuildPhase section */
		90F78C72236EDA3400C22757 /* Resources */ = {
			isa = PBXResourcesBuildPhase;
			buildActionMask = 2147483647;
			files = (
				90F78C84236EDA3700C22757 /* LaunchScreen.storyboard in Resources */,
				90F78C81236EDA3700C22757 /* Assets.xcassets in Resources */,
				90F78C7F236EDA3400C22757 /* Main.storyboard in Resources */,
				90F78CD0236F404F00C22757 /* TopStoriesTableViewCell.xib in Resources */,
			);
			runOnlyForDeploymentPostprocessing = 0;
		};
		90F78C88236EDA3700C22757 /* Resources */ = {
			isa = PBXResourcesBuildPhase;
			buildActionMask = 2147483647;
			files = (
			);
			runOnlyForDeploymentPostprocessing = 0;
		};
/* End PBXResourcesBuildPhase section */

/* Begin PBXSourcesBuildPhase section */
		90F78C70236EDA3400C22757 /* Sources */ = {
			isa = PBXSourcesBuildPhase;
			buildActionMask = 2147483647;
			files = (
				90F78CC7236F3F3400C22757 /* UITableView+Additions.swift in Sources */,
				90F78CCC236F3F8400C22757 /* TopStoriesTableViewCell.swift in Sources */,
				90F78C78236EDA3400C22757 /* AppDelegate.swift in Sources */,
				90459C442373512C00B82807 /* StoryDetail.swift in Sources */,
				90F78CC6236F3F3400C22757 /* Encodable+Additions.swift in Sources */,
				901C2F882374E40F00878E9E /* DetailsWebViewModel.swift in Sources */,
				90F78CC1236F3EE600C22757 /* TopStoriesDataController.swift in Sources */,
				90F78CC8236F3F3400C22757 /* UIViewController+Additions.swift in Sources */,
				90459C422370A9EC00B82807 /* UIImageView+Additions.swift in Sources */,
				90459C402370A83600B82807 /* Multimedia.swift in Sources */,
				90277E3F2377E43100C7F223 /* LoadableViewController.swift in Sources */,
				90F78CB0236F2F7F00C22757 /* MainRouter.swift in Sources */,
				90F78CB9236F3D0800C22757 /* TopStoriesDataProtocol.swift in Sources */,
				90F78CAC236F2F6000C22757 /* TopStoriesMainViewController.swift in Sources */,
				90F78CAA236F2F4500C22757 /* TopStoriesDetailsViewController.swift in Sources */,
				901C2F862374E38100878E9E /* DetailsRouter.swift in Sources */,
				90F78CCE236F3FB800C22757 /* Storyboard.swift in Sources */,
				90F78CC9236F3F3400C22757 /* NSObject+Additions.swift in Sources */,
				90F78CD2236F41BF00C22757 /* NetworkManager.swift in Sources */,
				90F78CBB236F3D5800C22757 /* TopStoriesResponse.swift in Sources */,
				90F78CBF236F3E0700C22757 /* Routable.swift in Sources */,
				90F78CA8236F2F1F00C22757 /* TopStoriesDetailsViewModel.swift in Sources */,
				90F78CAE236F2F6F00C22757 /* TopStoriesMainViewModel.swift in Sources */,
				90F78CB7236F3CB500C22757 /* Story.swift in Sources */,
				901C2F8323749F7300878E9E /* DetailsWebViewController.swift in Sources */,
			);
			runOnlyForDeploymentPostprocessing = 0;
		};
		90F78C86236EDA3700C22757 /* Sources */ = {
			isa = PBXSourcesBuildPhase;
			buildActionMask = 2147483647;
			files = (
				90F78C8F236EDA3700C22757 /* TopStoriesTests.swift in Sources */,
			);
			runOnlyForDeploymentPostprocessing = 0;
		};
/* End PBXSourcesBuildPhase section */

/* Begin PBXTargetDependency section */
		90F78C8C236EDA3700C22757 /* PBXTargetDependency */ = {
			isa = PBXTargetDependency;
			target = 90F78C73236EDA3400C22757 /* TopStories */;
			targetProxy = 90F78C8B236EDA3700C22757 /* PBXContainerItemProxy */;
		};
/* End PBXTargetDependency section */

/* Begin PBXVariantGroup section */
		90F78C7D236EDA3400C22757 /* Main.storyboard */ = {
			isa = PBXVariantGroup;
			children = (
				90F78C7E236EDA3400C22757 /* Base */,
			);
			name = Main.storyboard;
			sourceTree = "<group>";
		};
		90F78C82236EDA3700C22757 /* LaunchScreen.storyboard */ = {
			isa = PBXVariantGroup;
			children = (
				90F78C83236EDA3700C22757 /* Base */,
			);
			name = LaunchScreen.storyboard;
			sourceTree = "<group>";
		};
/* End PBXVariantGroup section */

/* Begin XCBuildConfiguration section */
		90F78C91236EDA3700C22757 /* Debug */ = {
			isa = XCBuildConfiguration;
			buildSettings = {
				ALWAYS_SEARCH_USER_PATHS = NO;
				CLANG_ANALYZER_NONNULL = YES;
				CLANG_ANALYZER_NUMBER_OBJECT_CONVERSION = YES_AGGRESSIVE;
				CLANG_CXX_LANGUAGE_STANDARD = "gnu++14";
				CLANG_CXX_LIBRARY = "libc++";
				CLANG_ENABLE_MODULES = YES;
				CLANG_ENABLE_OBJC_ARC = YES;
				CLANG_ENABLE_OBJC_WEAK = YES;
				CLANG_WARN_BLOCK_CAPTURE_AUTORELEASING = YES;
				CLANG_WARN_BOOL_CONVERSION = YES;
				CLANG_WARN_COMMA = YES;
				CLANG_WARN_CONSTANT_CONVERSION = YES;
				CLANG_WARN_DEPRECATED_OBJC_IMPLEMENTATIONS = YES;
				CLANG_WARN_DIRECT_OBJC_ISA_USAGE = YES_ERROR;
				CLANG_WARN_DOCUMENTATION_COMMENTS = YES;
				CLANG_WARN_EMPTY_BODY = YES;
				CLANG_WARN_ENUM_CONVERSION = YES;
				CLANG_WARN_INFINITE_RECURSION = YES;
				CLANG_WARN_INT_CONVERSION = YES;
				CLANG_WARN_NON_LITERAL_NULL_CONVERSION = YES;
				CLANG_WARN_OBJC_IMPLICIT_RETAIN_SELF = YES;
				CLANG_WARN_OBJC_LITERAL_CONVERSION = YES;
				CLANG_WARN_OBJC_ROOT_CLASS = YES_ERROR;
				CLANG_WARN_RANGE_LOOP_ANALYSIS = YES;
				CLANG_WARN_STRICT_PROTOTYPES = YES;
				CLANG_WARN_SUSPICIOUS_MOVE = YES;
				CLANG_WARN_UNGUARDED_AVAILABILITY = YES_AGGRESSIVE;
				CLANG_WARN_UNREACHABLE_CODE = YES;
				CLANG_WARN__DUPLICATE_METHOD_MATCH = YES;
				COPY_PHASE_STRIP = NO;
				DEBUG_INFORMATION_FORMAT = dwarf;
				ENABLE_STRICT_OBJC_MSGSEND = YES;
				ENABLE_TESTABILITY = YES;
				GCC_C_LANGUAGE_STANDARD = gnu11;
				GCC_DYNAMIC_NO_PIC = NO;
				GCC_NO_COMMON_BLOCKS = YES;
				GCC_OPTIMIZATION_LEVEL = 0;
				GCC_PREPROCESSOR_DEFINITIONS = (
					"DEBUG=1",
					"$(inherited)",
				);
				GCC_WARN_64_TO_32_BIT_CONVERSION = YES;
				GCC_WARN_ABOUT_RETURN_TYPE = YES_ERROR;
				GCC_WARN_UNDECLARED_SELECTOR = YES;
				GCC_WARN_UNINITIALIZED_AUTOS = YES_AGGRESSIVE;
				GCC_WARN_UNUSED_FUNCTION = YES;
				GCC_WARN_UNUSED_VARIABLE = YES;
				IPHONEOS_DEPLOYMENT_TARGET = 13.2;
				MTL_ENABLE_DEBUG_INFO = INCLUDE_SOURCE;
				MTL_FAST_MATH = YES;
				ONLY_ACTIVE_ARCH = YES;
				SDKROOT = iphoneos;
				SWIFT_ACTIVE_COMPILATION_CONDITIONS = DEBUG;
				SWIFT_OPTIMIZATION_LEVEL = "-Onone";
			};
			name = Debug;
		};
		90F78C92236EDA3700C22757 /* Release */ = {
			isa = XCBuildConfiguration;
			buildSettings = {
				ALWAYS_SEARCH_USER_PATHS = NO;
				CLANG_ANALYZER_NONNULL = YES;
				CLANG_ANALYZER_NUMBER_OBJECT_CONVERSION = YES_AGGRESSIVE;
				CLANG_CXX_LANGUAGE_STANDARD = "gnu++14";
				CLANG_CXX_LIBRARY = "libc++";
				CLANG_ENABLE_MODULES = YES;
				CLANG_ENABLE_OBJC_ARC = YES;
				CLANG_ENABLE_OBJC_WEAK = YES;
				CLANG_WARN_BLOCK_CAPTURE_AUTORELEASING = YES;
				CLANG_WARN_BOOL_CONVERSION = YES;
				CLANG_WARN_COMMA = YES;
				CLANG_WARN_CONSTANT_CONVERSION = YES;
				CLANG_WARN_DEPRECATED_OBJC_IMPLEMENTATIONS = YES;
				CLANG_WARN_DIRECT_OBJC_ISA_USAGE = YES_ERROR;
				CLANG_WARN_DOCUMENTATION_COMMENTS = YES;
				CLANG_WARN_EMPTY_BODY = YES;
				CLANG_WARN_ENUM_CONVERSION = YES;
				CLANG_WARN_INFINITE_RECURSION = YES;
				CLANG_WARN_INT_CONVERSION = YES;
				CLANG_WARN_NON_LITERAL_NULL_CONVERSION = YES;
				CLANG_WARN_OBJC_IMPLICIT_RETAIN_SELF = YES;
				CLANG_WARN_OBJC_LITERAL_CONVERSION = YES;
				CLANG_WARN_OBJC_ROOT_CLASS = YES_ERROR;
				CLANG_WARN_RANGE_LOOP_ANALYSIS = YES;
				CLANG_WARN_STRICT_PROTOTYPES = YES;
				CLANG_WARN_SUSPICIOUS_MOVE = YES;
				CLANG_WARN_UNGUARDED_AVAILABILITY = YES_AGGRESSIVE;
				CLANG_WARN_UNREACHABLE_CODE = YES;
				CLANG_WARN__DUPLICATE_METHOD_MATCH = YES;
				COPY_PHASE_STRIP = NO;
				DEBUG_INFORMATION_FORMAT = "dwarf-with-dsym";
				ENABLE_NS_ASSERTIONS = NO;
				ENABLE_STRICT_OBJC_MSGSEND = YES;
				GCC_C_LANGUAGE_STANDARD = gnu11;
				GCC_NO_COMMON_BLOCKS = YES;
				GCC_WARN_64_TO_32_BIT_CONVERSION = YES;
				GCC_WARN_ABOUT_RETURN_TYPE = YES_ERROR;
				GCC_WARN_UNDECLARED_SELECTOR = YES;
				GCC_WARN_UNINITIALIZED_AUTOS = YES_AGGRESSIVE;
				GCC_WARN_UNUSED_FUNCTION = YES;
				GCC_WARN_UNUSED_VARIABLE = YES;
				IPHONEOS_DEPLOYMENT_TARGET = 13.2;
				MTL_ENABLE_DEBUG_INFO = NO;
				MTL_FAST_MATH = YES;
				SDKROOT = iphoneos;
				SWIFT_COMPILATION_MODE = wholemodule;
				SWIFT_OPTIMIZATION_LEVEL = "-O";
				VALIDATE_PRODUCT = YES;
			};
			name = Release;
		};
		90F78C94236EDA3700C22757 /* Debug */ = {
			isa = XCBuildConfiguration;
			buildSettings = {
				ASSETCATALOG_COMPILER_APPICON_NAME = AppIcon;
				CODE_SIGN_STYLE = Automatic;
				CURRENT_PROJECT_VERSION = 1.0.0;
				INFOPLIST_FILE = TopStories/Info.plist;
				IPHONEOS_DEPLOYMENT_TARGET = 11.0;
				LD_RUNPATH_SEARCH_PATHS = (
					"$(inherited)",
					"@executable_path/Frameworks",
				);
				MARKETING_VERSION = 1.0.0;
				PRODUCT_BUNDLE_IDENTIFIER = AB.TopStories;
				PRODUCT_NAME = "$(TARGET_NAME)";
				SWIFT_VERSION = 5.0;
				TARGETED_DEVICE_FAMILY = "1,2";
			};
			name = Debug;
		};
		90F78C95236EDA3700C22757 /* Release */ = {
			isa = XCBuildConfiguration;
			buildSettings = {
				ASSETCATALOG_COMPILER_APPICON_NAME = AppIcon;
				CODE_SIGN_STYLE = Automatic;
				CURRENT_PROJECT_VERSION = 1.0.0;
				INFOPLIST_FILE = TopStories/Info.plist;
				IPHONEOS_DEPLOYMENT_TARGET = 11.0;
				LD_RUNPATH_SEARCH_PATHS = (
					"$(inherited)",
					"@executable_path/Frameworks",
				);
				MARKETING_VERSION = 1.0.0;
				PRODUCT_BUNDLE_IDENTIFIER = AB.TopStories;
				PRODUCT_NAME = "$(TARGET_NAME)";
				SWIFT_VERSION = 5.0;
				TARGETED_DEVICE_FAMILY = "1,2";
			};
			name = Release;
		};
		90F78C97236EDA3700C22757 /* Debug */ = {
			isa = XCBuildConfiguration;
			buildSettings = {
				ALWAYS_EMBED_SWIFT_STANDARD_LIBRARIES = YES;
				BUNDLE_LOADER = "$(TEST_HOST)";
				CODE_SIGN_STYLE = Automatic;
				INFOPLIST_FILE = TopStoriesTests/Info.plist;
				IPHONEOS_DEPLOYMENT_TARGET = 13.2;
				LD_RUNPATH_SEARCH_PATHS = (
					"$(inherited)",
					"@executable_path/Frameworks",
					"@loader_path/Frameworks",
				);
				PRODUCT_BUNDLE_IDENTIFIER = AB.TopStoriesTests;
				PRODUCT_NAME = "$(TARGET_NAME)";
				SWIFT_VERSION = 5.0;
				TARGETED_DEVICE_FAMILY = "1,2";
				TEST_HOST = "$(BUILT_PRODUCTS_DIR)/TopStories.app/TopStories";
			};
			name = Debug;
		};
		90F78C98236EDA3700C22757 /* Release */ = {
			isa = XCBuildConfiguration;
			buildSettings = {
				ALWAYS_EMBED_SWIFT_STANDARD_LIBRARIES = YES;
				BUNDLE_LOADER = "$(TEST_HOST)";
				CODE_SIGN_STYLE = Automatic;
				INFOPLIST_FILE = TopStoriesTests/Info.plist;
				IPHONEOS_DEPLOYMENT_TARGET = 13.2;
				LD_RUNPATH_SEARCH_PATHS = (
					"$(inherited)",
					"@executable_path/Frameworks",
					"@loader_path/Frameworks",
				);
				PRODUCT_BUNDLE_IDENTIFIER = AB.TopStoriesTests;
				PRODUCT_NAME = "$(TARGET_NAME)";
				SWIFT_VERSION = 5.0;
				TARGETED_DEVICE_FAMILY = "1,2";
				TEST_HOST = "$(BUILT_PRODUCTS_DIR)/TopStories.app/TopStories";
			};
			name = Release;
		};
/* End XCBuildConfiguration section */

/* Begin XCConfigurationList section */
		90F78C6F236EDA3400C22757 /* Build configuration list for PBXProject "TopStories" */ = {
			isa = XCConfigurationList;
			buildConfigurations = (
				90F78C91236EDA3700C22757 /* Debug */,
				90F78C92236EDA3700C22757 /* Release */,
			);
			defaultConfigurationIsVisible = 0;
			defaultConfigurationName = Release;
		};
		90F78C93236EDA3700C22757 /* Build configuration list for PBXNativeTarget "TopStories" */ = {
			isa = XCConfigurationList;
			buildConfigurations = (
				90F78C94236EDA3700C22757 /* Debug */,
				90F78C95236EDA3700C22757 /* Release */,
			);
			defaultConfigurationIsVisible = 0;
			defaultConfigurationName = Release;
		};
		90F78C96236EDA3700C22757 /* Build configuration list for PBXNativeTarget "TopStoriesTests" */ = {
			isa = XCConfigurationList;
			buildConfigurations = (
				90F78C97236EDA3700C22757 /* Debug */,
				90F78C98236EDA3700C22757 /* Release */,
			);
			defaultConfigurationIsVisible = 0;
			defaultConfigurationName = Release;
		};
/* End XCConfigurationList section */
	};
	rootObject = 90F78C6C236EDA3400C22757 /* Project object */;
}
